
Microsoft Visual Studio Solution File, Format Version 12.00
# Visual Studio 15
VisualStudioVersion = 15.0.28307.106
MinimumVisualStudioVersion = 10.0.40219.1
Project("{FAE04EC0-301F-11D3-BF4B-00C04F79EFBC}") = "StockMarket", "StockMarket\StockMarket.csproj", "{F23294AC-46D4-428B-9B3E-BDE4CDC9D9DA}"
EndProject
Project("{FAE04EC0-301F-11D3-BF4B-00C04F79EFBC}") = "StockMarket.Tests", "StockMarket.Tests\StockMarket.Tests.csproj", "{86D9865E-B743-479A-999D-63E78B66B85F}"
EndProject
Global
	GlobalSection(SolutionConfigurationPlatforms) = preSolution
		Debug|Any CPU = Debug|Any CPU
		Release|Any CPU = Release|Any CPU
	EndGlobalSection
	GlobalSection(ProjectConfigurationPlatforms) = postSolution
		{F23294AC-46D4-428B-9B3E-BDE4CDC9D9DA}.Debug|Any CPU.ActiveCfg = Debug|Any CPU
		{F23294AC-46D4-428B-9B3E-BDE4CDC9D9DA}.Debug|Any CPU.Build.0 = Debug|Any CPU
		{F23294AC-46D4-428B-9B3E-BDE4CDC9D9DA}.Release|Any CPU.ActiveCfg = Release|Any CPU
		{F23294AC-46D4-428B-9B3E-BDE4CDC9D9DA}.Release|Any CPU.Build.0 = Release|Any CPU
		{86D9865E-B743-479A-999D-63E78B66B85F}.Debug|Any CPU.ActiveCfg = Debug|Any CPU
		{86D9865E-B743-479A-999D-63E78B66B85F}.Debug|Any CPU.Build.0 = Debug|Any CPU
		{86D9865E-B743-479A-999D-63E78B66B85F}.Release|Any CPU.ActiveCfg = Release|Any CPU
		{86D9865E-B743-479A-999D-63E78B66B85F}.Release|Any CPU.Build.0 = Release|Any CPU
	EndGlobalSection
	GlobalSection(SolutionProperties) = preSolution
		HideSolutionNode = FALSE
	EndGlobalSection
	GlobalSection(ExtensibilityGlobals) = postSolution
		SolutionGuid = {9592ABB8-30B1-4B42-9CF1-AF749F591DBF}
	EndGlobalSection
EndGlobal
